
Microsoft Visual Studio Solution File, Format Version 12.00
# Visual Studio 15
VisualStudioVersion = 15.0.28307.539
MinimumVisualStudioVersion = 10.0.40219.1
Project("{FAE04EC0-301F-11D3-BF4B-00C04F79EFBC}") = "Anita.WinFormsUi", "Anita.WinFormsUi\Anita.WinFormsUi.csproj", "{B57D2A95-0390-4BC8-A249-EF2FC5E96857}"
EndProject
Project("{FAE04EC0-301F-11D3-BF4B-00C04F79EFBC}") = "Anita.Contracts", "Anita.Contracts\Anita.Contracts.csproj", "{AB38BB3E-3595-40B8-ADB2-A86E45C6438D}"
EndProject
Project("{FAE04EC0-301F-11D3-BF4B-00C04F79EFBC}") = "Anita.Core", "Anita.Core\Anita.Core.csproj", "{EE1BF00C-0CA4-478F-9AEE-588C18E0AE00}"
EndProject
Project("{9A19103F-16F7-4668-BE54-9A1E7A4F7556}") = "Anita.Api", "Anita.Api\Anita.Api.csproj", "{FB1BF953-EFDE-4E88-BAAF-7BB6CDDF50E6}"
EndProject
Project("{9A19103F-16F7-4668-BE54-9A1E7A4F7556}") = "Anita.Api.Tests", "Anita.Api.Tests\Anita.Api.Tests.csproj", "{074D1F7E-A060-4F51-9DC3-894E2736BC6B}"
EndProject
Project("{2150E333-8FDC-42A3-9474-1A3956D46DE8}") = "Solution Items", "Solution Items", "{FEC57E12-71C6-4A52-8659-5086E6D4F341}"
	ProjectSection(SolutionItems) = preProject
		cake.config = cake.config
	EndProjectSection
EndProject
Global
	GlobalSection(SolutionConfigurationPlatforms) = preSolution
		Debug|Any CPU = Debug|Any CPU
		Debug|Mixed Platforms = Debug|Mixed Platforms
		Debug|x86 = Debug|x86
		Release|Any CPU = Release|Any CPU
		Release|Mixed Platforms = Release|Mixed Platforms
		Release|x86 = Release|x86
	EndGlobalSection
	GlobalSection(ProjectConfigurationPlatforms) = postSolution
		{B57D2A95-0390-4BC8-A249-EF2FC5E96857}.Debug|Any CPU.ActiveCfg = Debug|x86
		{B57D2A95-0390-4BC8-A249-EF2FC5E96857}.Debug|Mixed Platforms.ActiveCfg = Debug|x86
		{B57D2A95-0390-4BC8-A249-EF2FC5E96857}.Debug|Mixed Platforms.Build.0 = Debug|x86
		{B57D2A95-0390-4BC8-A249-EF2FC5E96857}.Debug|x86.ActiveCfg = Debug|x86
		{B57D2A95-0390-4BC8-A249-EF2FC5E96857}.Debug|x86.Build.0 = Debug|x86
		{B57D2A95-0390-4BC8-A249-EF2FC5E96857}.Release|Any CPU.ActiveCfg = Release|x86
		{B57D2A95-0390-4BC8-A249-EF2FC5E96857}.Release|Mixed Platforms.ActiveCfg = Release|x86
		{B57D2A95-0390-4BC8-A249-EF2FC5E96857}.Release|Mixed Platforms.Build.0 = Release|x86
		{B57D2A95-0390-4BC8-A249-EF2FC5E96857}.Release|x86.ActiveCfg = Release|x86
		{B57D2A95-0390-4BC8-A249-EF2FC5E96857}.Release|x86.Build.0 = Release|x86
		{AB38BB3E-3595-40B8-ADB2-A86E45C6438D}.Debug|Any CPU.ActiveCfg = Debug|Any CPU
		{AB38BB3E-3595-40B8-ADB2-A86E45C6438D}.Debug|Any CPU.Build.0 = Debug|Any CPU
		{AB38BB3E-3595-40B8-ADB2-A86E45C6438D}.Debug|Mixed Platforms.ActiveCfg = Debug|Any CPU
		{AB38BB3E-3595-40B8-ADB2-A86E45C6438D}.Debug|Mixed Platforms.Build.0 = Debug|Any CPU
		{AB38BB3E-3595-40B8-ADB2-A86E45C6438D}.Debug|x86.ActiveCfg = Debug|Any CPU
		{AB38BB3E-3595-40B8-ADB2-A86E45C6438D}.Release|Any CPU.ActiveCfg = Release|Any CPU
		{AB38BB3E-3595-40B8-ADB2-A86E45C6438D}.Release|Any CPU.Build.0 = Release|Any CPU
		{AB38BB3E-3595-40B8-ADB2-A86E45C6438D}.Release|Mixed Platforms.ActiveCfg = Release|Any CPU
		{AB38BB3E-3595-40B8-ADB2-A86E45C6438D}.Release|Mixed Platforms.Build.0 = Release|Any CPU
		{AB38BB3E-3595-40B8-ADB2-A86E45C6438D}.Release|x86.ActiveCfg = Release|Any CPU
		{EE1BF00C-0CA4-478F-9AEE-588C18E0AE00}.Debug|Any CPU.ActiveCfg = Debug|Any CPU
		{EE1BF00C-0CA4-478F-9AEE-588C18E0AE00}.Debug|Any CPU.Build.0 = Debug|Any CPU
		{EE1BF00C-0CA4-478F-9AEE-588C18E0AE00}.Debug|Mixed Platforms.ActiveCfg = Debug|Any CPU
		{EE1BF00C-0CA4-478F-9AEE-588C18E0AE00}.Debug|Mixed Platforms.Build.0 = Debug|Any CPU
		{EE1BF00C-0CA4-478F-9AEE-588C18E0AE00}.Debug|x86.ActiveCfg = Debug|Any CPU
		{EE1BF00C-0CA4-478F-9AEE-588C18E0AE00}.Release|Any CPU.ActiveCfg = Release|Any CPU
		{EE1BF00C-0CA4-478F-9AEE-588C18E0AE00}.Release|Any CPU.Build.0 = Release|Any CPU
		{EE1BF00C-0CA4-478F-9AEE-588C18E0AE00}.Release|Mixed Platforms.ActiveCfg = Release|Any CPU
		{EE1BF00C-0CA4-478F-9AEE-588C18E0AE00}.Release|Mixed Platforms.Build.0 = Release|Any CPU
		{EE1BF00C-0CA4-478F-9AEE-588C18E0AE00}.Release|x86.ActiveCfg = Release|Any CPU
		{FB1BF953-EFDE-4E88-BAAF-7BB6CDDF50E6}.Debug|Any CPU.ActiveCfg = Debug|Any CPU
		{FB1BF953-EFDE-4E88-BAAF-7BB6CDDF50E6}.Debug|Any CPU.Build.0 = Debug|Any CPU
		{FB1BF953-EFDE-4E88-BAAF-7BB6CDDF50E6}.Debug|Mixed Platforms.ActiveCfg = Debug|Any CPU
		{FB1BF953-EFDE-4E88-BAAF-7BB6CDDF50E6}.Debug|Mixed Platforms.Build.0 = Debug|Any CPU
		{FB1BF953-EFDE-4E88-BAAF-7BB6CDDF50E6}.Debug|x86.ActiveCfg = Debug|Any CPU
		{FB1BF953-EFDE-4E88-BAAF-7BB6CDDF50E6}.Debug|x86.Build.0 = Debug|Any CPU
		{FB1BF953-EFDE-4E88-BAAF-7BB6CDDF50E6}.Release|Any CPU.ActiveCfg = Release|Any CPU
		{FB1BF953-EFDE-4E88-BAAF-7BB6CDDF50E6}.Release|Any CPU.Build.0 = Release|Any CPU
		{FB1BF953-EFDE-4E88-BAAF-7BB6CDDF50E6}.Release|Mixed Platforms.ActiveCfg = Release|Any CPU
		{FB1BF953-EFDE-4E88-BAAF-7BB6CDDF50E6}.Release|Mixed Platforms.Build.0 = Release|Any CPU
		{FB1BF953-EFDE-4E88-BAAF-7BB6CDDF50E6}.Release|x86.ActiveCfg = Release|Any CPU
		{FB1BF953-EFDE-4E88-BAAF-7BB6CDDF50E6}.Release|x86.Build.0 = Release|Any CPU
		{074D1F7E-A060-4F51-9DC3-894E2736BC6B}.Debug|Any CPU.ActiveCfg = Debug|Any CPU
		{074D1F7E-A060-4F51-9DC3-894E2736BC6B}.Debug|Any CPU.Build.0 = Debug|Any CPU
		{074D1F7E-A060-4F51-9DC3-894E2736BC6B}.Debug|Mixed Platforms.ActiveCfg = Debug|Any CPU
		{074D1F7E-A060-4F51-9DC3-894E2736BC6B}.Debug|Mixed Platforms.Build.0 = Debug|Any CPU
		{074D1F7E-A060-4F51-9DC3-894E2736BC6B}.Debug|x86.ActiveCfg = Debug|Any CPU
		{074D1F7E-A060-4F51-9DC3-894E2736BC6B}.Debug|x86.Build.0 = Debug|Any CPU
		{074D1F7E-A060-4F51-9DC3-894E2736BC6B}.Release|Any CPU.ActiveCfg = Release|Any CPU
		{074D1F7E-A060-4F51-9DC3-894E2736BC6B}.Release|Any CPU.Build.0 = Release|Any CPU
		{074D1F7E-A060-4F51-9DC3-894E2736BC6B}.Release|Mixed Platforms.ActiveCfg = Release|Any CPU
		{074D1F7E-A060-4F51-9DC3-894E2736BC6B}.Release|Mixed Platforms.Build.0 = Release|Any CPU
		{074D1F7E-A060-4F51-9DC3-894E2736BC6B}.Release|x86.ActiveCfg = Release|Any CPU
		{074D1F7E-A060-4F51-9DC3-894E2736BC6B}.Release|x86.Build.0 = Release|Any CPU
	EndGlobalSection
	GlobalSection(SolutionProperties) = preSolution
		HideSolutionNode = FALSE
	EndGlobalSection
	GlobalSection(ExtensibilityGlobals) = postSolution
		SolutionGuid = {172FE928-BA8F-44A2-90BE-7B4357E1A2D4}
	EndGlobalSection
EndGlobal
